<?xml version="1.0" encoding="utf-8"?>
<Project ToolsVersion="4.0" xmlns="http://schemas.microsoft.com/developer/msbuild/2003">
  <ItemGroup>
    <Filter Include="Source Files">
      <UniqueIdentifier>{d8f4f65e-b0ae-46d4-8e0c-e39f57b43b77}</UniqueIdentifier>
      <Extensions>cpp;c;cxx;rc;def;r;odl;idl;hpj;bat</Extensions>
    </Filter>
    <Filter Include="Header Files">
      <UniqueIdentifier>{6cfabe39-db36-40b3-9b22-60327880bde5}</UniqueIdentifier>
      <Extensions>h;hpp;hxx;hm;inl</Extensions>
    </Filter>
    <Filter Include="Resource Files">
      <UniqueIdentifier>{9f40edfd-959f-43b9-98e8-183315831f97}</UniqueIdentifier>
      <Extensions>ico;cur;bmp;dlg;rc2;rct;bin;rgs;gif;jpg;jpeg;jpe</Extensions>
    </Filter>
    <Filter Include="Copy to Build Folder">
      <UniqueIdentifier>{58195311-11eb-48ee-aea7-c95cae22689d}</UniqueIdentifier>
    </Filter>
    <Filter Include="Copy to Build Folder\RMT Binaries">
      <UniqueIdentifier>{a2f10bad-f640-4755-9632-a9eee2b9728d}</UniqueIdentifier>
    </Filter>
    <Filter Include="Source Files\Helpers">
      <UniqueIdentifier>{4139ef6f-85a8-4e4f-aa78-fb5152aa902a}</UniqueIdentifier>
    </Filter>
    <Filter Include="Source Files\Tuning">
      <UniqueIdentifier>{4c4d791e-b9e3-49ec-ba38-fb7c8e30b9b4}</UniqueIdentifier>
    </Filter>
    <Filter Include="Source Files\Sound Generator">
      <UniqueIdentifier>{973e7050-b72b-497e-bb78-59b87397d694}</UniqueIdentifier>
    </Filter>
    <Filter Include="Source Files\RMT Interface">
      <UniqueIdentifier>{c90897da-fb9a-4282-a4d0-c209c89b0507}</UniqueIdentifier>
    </Filter>
    <Filter Include="Source Files\GUI">
      <UniqueIdentifier>{6d13bb44-b2a8-454f-9ab1-c071f6626923}</UniqueIdentifier>
    </Filter>
    <Filter Include="Source Files\Dialogs">
      <UniqueIdentifier>{0d6bbee4-a8b9-457f-90d9-73664e410b59}</UniqueIdentifier>
    </Filter>
    <Filter Include="Source Files\Data">
      <UniqueIdentifier>{390dff11-f66b-4d0f-9095-d4444b6a2da8}</UniqueIdentifier>
    </Filter>
    <Filter Include="Source Files\IO - Load/Save/Export/Import/Midi">
      <UniqueIdentifier>{dc8cf6d4-3fac-46f9-9a26-9661e293011b}</UniqueIdentifier>
    </Filter>
    <Filter Include="Source Files\IO - Load/Save/Export/Import/Midi\SAP-R Compressor">
      <UniqueIdentifier>{b1ac240f-8bfa-4b7f-9f1a-67e475c4a76e}</UniqueIdentifier>
    </Filter>
  </ItemGroup>
  <ItemGroup>
    <ClCompile Include="StdAfx.cpp">
      <Filter>Source Files</Filter>
    </ClCompile>
    <ClCompile Include="r_music.cpp">
      <Filter>Source Files</Filter>
    </ClCompile>
    <ClCompile Include="Global.cpp">
      <Filter>Source Files</Filter>
    </ClCompile>
    <ClCompile Include="ConfigDlg.cpp">
      <Filter>Source Files\Dialogs</Filter>
    </ClCompile>
    <ClCompile Include="EffectsDlg.cpp">
      <Filter>Source Files\Dialogs</Filter>
    </ClCompile>
    <ClCompile Include="ExportDlgs.cpp">
      <Filter>Source Files\Dialogs</Filter>
    </ClCompile>
    <ClCompile Include="FileNewDlg.cpp">
      <Filter>Source Files\Dialogs</Filter>
    </ClCompile>
    <ClCompile Include="FilePathDlg.cpp">
      <Filter>Source Files\Dialogs</Filter>
    </ClCompile>
    <ClCompile Include="ImportDlgs.cpp">
      <Filter>Source Files\Dialogs</Filter>
    </ClCompile>
    <ClCompile Include="libfmemopen.cpp">
      <Filter>Source Files\Helpers</Filter>
    </ClCompile>
    <ClCompile Include="getopt.cpp">
      <Filter>Source Files\Helpers</Filter>
    </ClCompile>
    <ClCompile Include="lzss_sap.cpp">
      <Filter>Source Files\IO - Load/Save/Export/Import/Midi\SAP-R Compressor</Filter>
    </ClCompile>
    <ClCompile Include="Tuning.cpp">
      <Filter>Source Files\Tuning</Filter>
    </ClCompile>
    <ClCompile Include="TuningDlg.cpp">
      <Filter>Source Files\Tuning</Filter>
    </ClCompile>
    <ClCompile Include="XPokey.cpp">
      <Filter>Source Files\Sound Generator</Filter>
    </ClCompile>
    <ClCompile Include="Rmt.cpp">
      <Filter>Source Files\RMT Interface</Filter>
    </ClCompile>
    <ClCompile Include="RmtDoc.cpp">
      <Filter>Source Files\RMT Interface</Filter>
    </ClCompile>
    <ClCompile Include="RmtView.cpp">
      <Filter>Source Files\RMT Interface</Filter>
    </ClCompile>
    <ClCompile Include="Atari6502.cpp">
      <Filter>Source Files\Sound Generator</Filter>
    </ClCompile>
    <ClCompile Include="MainFrm.cpp">
      <Filter>Source Files\RMT Interface</Filter>
    </ClCompile>
    <ClCompile Include="Clipboard.cpp">
      <Filter>Source Files\Data</Filter>
    </ClCompile>
    <ClCompile Include="Undo.cpp">
      <Filter>Source Files\Data</Filter>
    </ClCompile>
    <ClCompile Include="Instruments.cpp">
      <Filter>Source Files\Data</Filter>
    </ClCompile>
    <ClCompile Include="Tracks.cpp">
      <Filter>Source Files\Data</Filter>
    </ClCompile>
    <ClCompile Include="Song.cpp">
      <Filter>Source Files\Data</Filter>
    </ClCompile>
    <ClCompile Include="GuiHelpers.cpp">
      <Filter>Source Files\GUI</Filter>
    </ClCompile>
    <ClCompile Include="Keyboard2NoteMapping.cpp">
      <Filter>Source Files\Data</Filter>
    </ClCompile>
    <ClCompile Include="ChannelControl.cpp">
      <Filter>Source Files\Data</Filter>
    </ClCompile>
    <ClCompile Include="GUI_Instruments.cpp">
      <Filter>Source Files\GUI</Filter>
    </ClCompile>
    <ClCompile Include="IO_Instruments.cpp">
      <Filter>Source Files\IO - Load/Save/Export/Import/Midi</Filter>
    </ClCompile>
    <ClCompile Include="IO_Tracks.cpp">
      <Filter>Source Files\IO - Load/Save/Export/Import/Midi</Filter>
    </ClCompile>
    <ClCompile Include="GUI_Tracks.cpp">
      <Filter>Source Files\GUI</Filter>
    </ClCompile>
    <ClCompile Include="GUI_Song.cpp">
      <Filter>Source Files\GUI</Filter>
    </ClCompile>
    <ClCompile Include="IO_Song.cpp">
      <Filter>Source Files\IO - Load/Save/Export/Import/Midi</Filter>
    </ClCompile>
    <ClCompile Include="IO_Importer.cpp">
      <Filter>Source Files\IO - Load/Save/Export/Import/Midi</Filter>
    </ClCompile>
    <ClCompile Include="IOHelpers.cpp">
      <Filter>Source Files\IO - Load/Save/Export/Import/Midi</Filter>
    </ClCompile>
    <ClCompile Include="RmtMidi.cpp">
      <Filter>Source Files\IO - Load/Save/Export/Import/Midi</Filter>
    </ClCompile>
    <ClCompile Include="Midi_Song.cpp">
      <Filter>Source Files\IO - Load/Save/Export/Import/Midi</Filter>
    </ClCompile>
    <ClCompile Include="IO_Song_ExportAsm.cpp">
      <Filter>Source Files\IO - Load/Save/Export/Import/Midi</Filter>
    </ClCompile>
    <ClCompile Include="IO_Song_ExportSaprLzss.cpp">
      <Filter>Source Files\IO - Load/Save/Export/Import/Midi</Filter>
    </ClCompile>
    <ClCompile Include="PokeyStream.cpp">
      <Filter>Source Files\Sound Generator</Filter>
    </ClCompile>
  </ItemGroup>
  <ItemGroup>
    <ClInclude Include="ConfigDlg.h">
      <Filter>Header Files</Filter>
    </ClInclude>
    <ClInclude Include="EffectsDlg.h">
      <Filter>Header Files</Filter>
    </ClInclude>
    <ClInclude Include="ExportDlgs.h">
      <Filter>Header Files</Filter>
    </ClInclude>
    <ClInclude Include="FileNewDlg.h">
      <Filter>Header Files</Filter>
    </ClInclude>
    <ClInclude Include="FilePathDlg.h">
      <Filter>Header Files</Filter>
    </ClInclude>
    <ClInclude Include="Resource.h">
      <Filter>Header Files</Filter>
    </ClInclude>
    <ClInclude Include="StdAfx.h">
      <Filter>Header Files</Filter>
    </ClInclude>
    <ClInclude Include="importdlgs.h">
      <Filter>Header Files</Filter>
    </ClInclude>
    <ClInclude Include="getopt.h">
      <Filter>Header Files</Filter>
    </ClInclude>
    <ClInclude Include="lzss_sap.h">
      <Filter>Header Files</Filter>
    </ClInclude>
    <ClInclude Include="libfmemopen.h">
      <Filter>Header Files</Filter>
    </ClInclude>
    <ClInclude Include="Tuning.h">
      <Filter>Source Files\Tuning</Filter>
    </ClInclude>
    <ClInclude Include="TuningDlg.h">
      <Filter>Source Files\Tuning</Filter>
    </ClInclude>
    <ClInclude Include="XPokey.h">
      <Filter>Source Files\Sound Generator</Filter>
    </ClInclude>
    <ClInclude Include="Atari6502.h">
      <Filter>Source Files\Sound Generator</Filter>
    </ClInclude>
    <ClInclude Include="MainFrm.h">
      <Filter>Source Files\RMT Interface</Filter>
    </ClInclude>
    <ClInclude Include="Rmt.h">
      <Filter>Source Files\RMT Interface</Filter>
    </ClInclude>
    <ClInclude Include="RmtDoc.h">
      <Filter>Source Files\RMT Interface</Filter>
    </ClInclude>
    <ClInclude Include="RmtView.h">
      <Filter>Source Files\RMT Interface</Filter>
    </ClInclude>
    <ClInclude Include="Undo.h">
      <Filter>Source Files\Data</Filter>
    </ClInclude>
    <ClInclude Include="Instruments.h">
      <Filter>Source Files\Data</Filter>
    </ClInclude>
    <ClInclude Include="Tracks.h">
      <Filter>Source Files\Data</Filter>
    </ClInclude>
    <ClInclude Include="Song.h">
      <Filter>Source Files\Data</Filter>
    </ClInclude>
    <ClInclude Include="Clipboard.h">
      <Filter>Source Files\Data</Filter>
    </ClInclude>
    <ClInclude Include="global.h">
      <Filter>Source Files</Filter>
    </ClInclude>
    <ClInclude Include="GuiHelpers.h">
      <Filter>Source Files\GUI</Filter>
    </ClInclude>
    <ClInclude Include="Keyboard2NoteMapping.h">
      <Filter>Source Files\Data</Filter>
    </ClInclude>
    <ClInclude Include="ChannelControl.h">
      <Filter>Source Files\Data</Filter>
    </ClInclude>
    <ClInclude Include="IOHelpers.h">
      <Filter>Source Files\IO - Load/Save/Export/Import/Midi</Filter>
    </ClInclude>
    <ClInclude Include="RmtMidi.h">
      <Filter>Source Files\IO - Load/Save/Export/Import/Midi</Filter>
    </ClInclude>
    <ClInclude Include="General.h">
      <Filter>Source Files</Filter>
    </ClInclude>
    <ClInclude Include="PokeyStream.h">
      <Filter>Source Files\Sound Generator</Filter>
    </ClInclude>
  </ItemGroup>
  <ItemGroup>
    <Image Include="res\Rmt.ico">
      <Filter>Resource Files</Filter>
    </Image>
    <Image Include="res\RmtDoc.ico">
      <Filter>Resource Files</Filter>
    </Image>
    <Image Include="res\Toolbar.bmp">
      <Filter>Resource Files</Filter>
    </Image>
    <Image Include="res\asciagr.bmp">
      <Filter>Resource Files</Filter>
    </Image>
    <Image Include="res\bmp00001.bmp">
      <Filter>Resource Files</Filter>
    </Image>
    <Image Include="res\icon1.ico">
      <Filter>Resource Files</Filter>
    </Image>
    <Image Include="res\toolbar1.bmp">
      <Filter>Resource Files</Filter>
    </Image>
    <Image Include="res\toolbarp.bmp">
      <Filter>Resource Files</Filter>
    </Image>
  </ItemGroup>
  <ItemGroup>
    <None Include="res\Rmt.rc2">
      <Filter>Resource Files</Filter>
    </None>
    <None Include="res\cur00001.cur">
      <Filter>Resource Files</Filter>
    </None>
    <None Include="res\cur00002.cur">
      <Filter>Resource Files</Filter>
    </None>
    <None Include="res\cur00003.cur">
      <Filter>Resource Files</Filter>
    </None>
    <None Include="res\cursor1.cur">
      <Filter>Resource Files</Filter>
    </None>
    <None Include="res\cursorch.cur">
      <Filter>Resource Files</Filter>
    </None>
    <None Include="res\cursoren.cur">
      <Filter>Resource Files</Filter>
    </None>
    <None Include="res\cursorgo.cur">
      <Filter>Resource Files</Filter>
    </None>
  </ItemGroup>
  <ItemGroup>
    <Text Include="moduleformatdescription.txt" />
    <Text Include="rmt_format1x.txt" />
    <Text Include="todo eng.txt" />
    <Text Include="trackerdesign_x_uzsi.txt" />
    <Text Include="RMT CHANGES WIP.txt" />
  </ItemGroup>
  <ItemGroup>
    <CopyFileToFolders Include="..\RMT\RMT Binaries\tracker.obx">
      <Filter>Copy to Build Folder\RMT Binaries</Filter>
    </CopyFileToFolders>
    <CopyFileToFolders Include="..\RMT\RMT Binaries\VUPlayer (LZSS Export).obx">
      <Filter>Copy to Build Folder\RMT Binaries</Filter>
    </CopyFileToFolders>
    <CopyFileToFolders Include="..\RMT\sa_c6502.dll">
      <Filter>Copy to Build Folder</Filter>
    </CopyFileToFolders>
    <CopyFileToFolders Include="..\RMT\sa_pokey.dll">
      <Filter>Copy to Build Folder</Filter>
    </CopyFileToFolders>
  </ItemGroup>
  <ItemGroup>
    <ResourceCompile Include="Rmt.rc">
      <Filter>Source Files\RMT Interface</Filter>
    </ResourceCompile>
  </ItemGroup>
</Project>